<?xml version="1.0" encoding="utf-8"?>
<Project ToolsVersion="4.0" xmlns="http://schemas.microsoft.com/developer/msbuild/2003">
  <ItemGroup>
    <Filter Include="ソース ファイル">
      <UniqueIdentifier>{4FC737F1-C7A5-4376-A066-2A32D752A2FF}</UniqueIdentifier>
      <Extensions>cpp;c;cc;cxx;c++;cppm;ixx;def;odl;idl;hpj;bat;asm;asmx</Extensions>
    </Filter>
    <Filter Include="ヘッダー ファイル">
      <UniqueIdentifier>{93995380-89BD-4b04-88EB-625FBE52EBFB}</UniqueIdentifier>
      <Extensions>h;hh;hpp;hxx;h++;hm;inl;inc;ipp;xsd</Extensions>
    </Filter>
    <Filter Include="リソース ファイル">
      <UniqueIdentifier>{67DA6AB6-F800-4c08-8B7A-83BB121AAD01}</UniqueIdentifier>
      <Extensions>rc;ico;cur;bmp;dlg;rc2;rct;bin;rgs;gif;jpg;jpeg;jpe;resx;tiff;tif;png;wav;mfcribbon-ms</Extensions>
    </Filter>
    <Filter Include="sound">
      <UniqueIdentifier>{91783d95-e981-45e1-9f4c-9f072028ab8f}</UniqueIdentifier>
    </Filter>
    <Filter Include="image">
      <UniqueIdentifier>{fbea7452-00ea-44c5-832a-9e0354ebb048}</UniqueIdentifier>
    </Filter>
    <Filter Include="dat">
      <UniqueIdentifier>{94456c1b-ba37-48d1-835c-d17504d64b60}</UniqueIdentifier>
    </Filter>
  </ItemGroup>
  <ItemGroup>
    <ClCompile Include="TitleScene.cpp">
      <Filter>ソース ファイル</Filter>
    </ClCompile>
    <ClCompile Include="SceneManager.cpp">
      <Filter>ソース ファイル</Filter>
    </ClCompile>
    <ClCompile Include="Ranking.cpp">
      <Filter>ソース ファイル</Filter>
    </ClCompile>
    <ClCompile Include="AppMain.cpp">
      <Filter>ソース ファイル</Filter>
    </ClCompile>
    <ClCompile Include="EndScene.cpp">
      <Filter>ソース ファイル</Filter>
    </ClCompile>
    <ClCompile Include="FreamControl.cpp">
      <Filter>ソース ファイル</Filter>
    </ClCompile>
    <ClCompile Include="GameMainScene.cpp">
      <Filter>ソース ファイル</Filter>
    </ClCompile>
    <ClCompile Include="InputControl.cpp">
      <Filter>ソース ファイル</Filter>
    </ClCompile>
    <ClCompile Include="Block.cpp">
      <Filter>ソース ファイル</Filter>
    </ClCompile>
  </ItemGroup>
  <ItemGroup>
    <ClInclude Include="Block.h">
      <Filter>ヘッダー ファイル</Filter>
    </ClInclude>
    <ClInclude Include="EndScene.h">
      <Filter>ヘッダー ファイル</Filter>
    </ClInclude>
    <ClInclude Include="FreamControl.h">
      <Filter>ヘッダー ファイル</Filter>
    </ClInclude>
    <ClInclude Include="GameMainScene.h">
      <Filter>ヘッダー ファイル</Filter>
    </ClInclude>
    <ClInclude Include="InputControl.h">
      <Filter>ヘッダー ファイル</Filter>
    </ClInclude>
    <ClInclude Include="RankingScene.h">
      <Filter>ヘッダー ファイル</Filter>
    </ClInclude>
    <ClInclude Include="SceneManager.h">
      <Filter>ヘッダー ファイル</Filter>
    </ClInclude>
    <ClInclude Include="TitleScene.h">
      <Filter>ヘッダー ファイル</Filter>
    </ClInclude>
    <ClInclude Include="DxLib.h">
      <Filter>ヘッダー ファイル</Filter>
    </ClInclude>
  </ItemGroup>
  <ItemGroup>
    <Media Include="..\..\..\..\Users\sunag\Downloads\sounds-20240306T171047Z-001\sounds\SE6.mp3">
      <Filter>sound</Filter>
    </Media>
    <Media Include="..\..\..\..\Users\sunag\Downloads\sounds-20240306T171047Z-001\sounds\b_062.mp3">
      <Filter>sound</Filter>
    </Media>
    <Media Include="..\..\..\..\Users\sunag\Downloads\sounds-20240306T171047Z-001\sounds\Clear.mp3">
      <Filter>sound</Filter>
    </Media>
    <Media Include="..\..\..\..\Users\sunag\Downloads\sounds-20240306T171047Z-001\sounds\GameOver.mp3">
      <Filter>sound</Filter>
    </Media>
    <Media Include="..\..\..\..\Users\sunag\Downloads\sounds-20240306T171047Z-001\sounds\SE1.mp3">
      <Filter>sound</Filter>
    </Media>
    <Media Include="..\..\..\..\Users\sunag\Downloads\sounds-20240306T171047Z-001\sounds\SE2.mp3">
      <Filter>sound</Filter>
    </Media>
    <Media Include="..\..\..\..\Users\sunag\Downloads\sounds-20240306T171047Z-001\sounds\SE3.mp3">
      <Filter>sound</Filter>
    </Media>
    <Media Include="..\..\..\..\Users\sunag\Downloads\sounds-20240306T171047Z-001\sounds\SE4.mp3">
      <Filter>sound</Filter>
    </Media>
    <Media Include="..\..\..\..\Users\sunag\Downloads\sounds-20240306T171047Z-001\sounds\SE5.wav">
      <Filter>sound</Filter>
    </Media>
  </ItemGroup>
  <ItemGroup>
    <None Include="..\..\..\..\Users\sunag\Downloads\sounds-20240306T171047Z-001\sounds\BGM009.ogg">
      <Filter>sound</Filter>
    </None>
    <None Include="..\..\..\..\Users\sunag\Downloads\sounds-20240306T171047Z-001\sounds\BGM017.ogg">
      <Filter>sound</Filter>
    </None>
    <None Include="..\..\..\..\Users\sunag\Downloads\sounds-20240306T171047Z-001\sounds\BGM018.ogg">
      <Filter>sound</Filter>
    </None>
    <None Include="..\..\..\..\Users\sunag\Downloads\sounds-20240306T171047Z-001\sounds\BGM041.ogg">
      <Filter>sound</Filter>
    </None>
    <None Include="..\..\..\..\Users\sunag\Downloads\dat-20240306T171053Z-001\dat\rankingdata.csv">
      <Filter>dat</Filter>
    </None>
  </ItemGroup>
  <ItemGroup>
    <Image Include="..\..\..\..\Users\sunag\Downloads\images-20240306T171139Z-001\images\block.png">
      <Filter>image</Filter>
    </Image>
    <Image Include="..\..\..\..\Users\sunag\Downloads\images-20240306T171139Z-001\images\block.bmp">
      <Filter>image</Filter>
    </Image>
    <Image Include="..\..\..\..\Users\sunag\Downloads\images-20240306T171139Z-001\images\bom.bmp">
      <Filter>image</Filter>
    </Image>
    <Image Include="..\..\..\..\Users\sunag\Downloads\images-20240306T171139Z-001\images\bom.png">
      <Filter>image</Filter>
    </Image>
    <Image Include="..\..\..\..\Users\sunag\Downloads\images-20240306T171139Z-001\images\Clear.bmp">
      <Filter>image</Filter>
    </Image>
    <Image Include="..\..\..\..\Users\sunag\Downloads\images-20240306T171139Z-001\images\end.bmp">
      <Filter>image</Filter>
    </Image>
    <Image Include="..\..\..\..\Users\sunag\Downloads\images-20240306T171139Z-001\images\GameOver.bmp">
      <Filter>image</Filter>
    </Image>
    <Image Include="..\..\..\..\Users\sunag\Downloads\images-20240306T171139Z-001\images\Lv.bmp">
      <Filter>image</Filter>
    </Image>
    <Image Include="..\..\..\..\Users\sunag\Downloads\images-20240306T171139Z-001\images\number.bmp">
      <Filter>image</Filter>
    </Image>
    <Image Include="..\..\..\..\Users\sunag\Downloads\images-20240306T171139Z-001\images\ranking.bmp">
      <Filter>image</Filter>
    </Image>
    <Image Include="..\..\..\..\Users\sunag\Downloads\images-20240306T171139Z-001\images\stage.bmp">
      <Filter>image</Filter>
    </Image>
    <Image Include="..\..\..\..\Users\sunag\Downloads\images-20240306T171139Z-001\images\stage.png">
      <Filter>image</Filter>
    </Image>
    <Image Include="..\..\..\..\Users\sunag\Downloads\images-20240306T171139Z-001\images\title.bmp">
      <Filter>image</Filter>
    </Image>
  </ItemGroup>
</Project>